// !$*UTF8*$!
{
	archiveVersion = 1;
	classes = {
	};
	objectVersion = 46;
	objects = {

/* Begin PBXBuildFile section */
		013C97931C02B83B00BA738F /* LWMainTarbarController.swift in Sources */ = {isa = PBXBuildFile; fileRef = 013C97921C02B83B00BA738F /* LWMainTarbarController.swift */; };
		013C97951C02F5DF00BA738F /* LWTabbar.swift in Sources */ = {isa = PBXBuildFile; fileRef = 013C97941C02F5DF00BA738F /* LWTabbar.swift */; };
		013C97971C03114700BA738F /* LWBaseTableVC.swift in Sources */ = {isa = PBXBuildFile; fileRef = 013C97961C03114700BA738F /* LWBaseTableVC.swift */; };
		013C97991C0313B500BA738F /* LWVistorView.swift in Sources */ = {isa = PBXBuildFile; fileRef = 013C97981C0313B500BA738F /* LWVistorView.swift */; };
		016C128F1C06B7EF00E76EC6 /* LWNetworkTools.swift in Sources */ = {isa = PBXBuildFile; fileRef = 016C128E1C06B7EF00E76EC6 /* LWNetworkTools.swift */; };
		016C12951C06FB1E00E76EC6 /* LWOauthViewController.swift in Sources */ = {isa = PBXBuildFile; fileRef = 016C12941C06FB1E00E76EC6 /* LWOauthViewController.swift */; };
		019A48DD1C01DE9300F1A721 /* AppDelegate.swift in Sources */ = {isa = PBXBuildFile; fileRef = 019A48DC1C01DE9300F1A721 /* AppDelegate.swift */; };
		019A48E41C01DE9300F1A721 /* Assets.xcassets in Resources */ = {isa = PBXBuildFile; fileRef = 019A48E31C01DE9300F1A721 /* Assets.xcassets */; };
		01B6541D1C029D6F00F76BB6 /* LWHomeTabController.swift in Sources */ = {isa = PBXBuildFile; fileRef = 01B6541C1C029D6F00F76BB6 /* LWHomeTabController.swift */; };
		01B6541F1C029D8E00F76BB6 /* LWDiscoverTabController.swift in Sources */ = {isa = PBXBuildFile; fileRef = 01B6541E1C029D8E00F76BB6 /* LWDiscoverTabController.swift */; };
		01B654211C029DB400F76BB6 /* LWMessageTabController.swift in Sources */ = {isa = PBXBuildFile; fileRef = 01B654201C029DB400F76BB6 /* LWMessageTabController.swift */; };
		01B654231C029DD300F76BB6 /* LWProfileTabController.swift in Sources */ = {isa = PBXBuildFile; fileRef = 01B654221C029DD300F76BB6 /* LWProfileTabController.swift */; };
		01E4A8F91C09D7CB002B9131 /* LWUserAccount.swift in Sources */ = {isa = PBXBuildFile; fileRef = 01E4A8F81C09D7CB002B9131 /* LWUserAccount.swift */; };
		1647EA287D6B511911B71F2E /* Pods.framework in Frameworks */ = {isa = PBXBuildFile; fileRef = 56A514A64B1255AE0358825D /* Pods.framework */; };
/* End PBXBuildFile section */

/* Begin PBXFileReference section */
		013C97921C02B83B00BA738F /* LWMainTarbarController.swift */ = {isa = PBXFileReference; fileEncoding = 4; lastKnownFileType = sourcecode.swift; path = LWMainTarbarController.swift; sourceTree = "<group>"; };
		013C97941C02F5DF00BA738F /* LWTabbar.swift */ = {isa = PBXFileReference; fileEncoding = 4; lastKnownFileType = sourcecode.swift; path = LWTabbar.swift; sourceTree = "<group>"; };
		013C97961C03114700BA738F /* LWBaseTableVC.swift */ = {isa = PBXFileReference; fileEncoding = 4; lastKnownFileType = sourcecode.swift; path = LWBaseTableVC.swift; sourceTree = "<group>"; };
		013C97981C0313B500BA738F /* LWVistorView.swift */ = {isa = PBXFileReference; fileEncoding = 4; lastKnownFileType = sourcecode.swift; path = LWVistorView.swift; sourceTree = "<group>"; };
		016C128E1C06B7EF00E76EC6 /* LWNetworkTools.swift */ = {isa = PBXFileReference; fileEncoding = 4; lastKnownFileType = sourcecode.swift; path = LWNetworkTools.swift; sourceTree = "<group>"; };
		016C12941C06FB1E00E76EC6 /* LWOauthViewController.swift */ = {isa = PBXFileReference; fileEncoding = 4; lastKnownFileType = sourcecode.swift; path = LWOauthViewController.swift; sourceTree = "<group>"; };
		019A48D91C01DE9300F1A721 /* 新浪微博_swift.app */ = {isa = PBXFileReference; explicitFileType = wrapper.application; includeInIndex = 0; path = "新浪微博_swift.app"; sourceTree = BUILT_PRODUCTS_DIR; };
		019A48DC1C01DE9300F1A721 /* AppDelegate.swift */ = {isa = PBXFileReference; lastKnownFileType = sourcecode.swift; path = AppDelegate.swift; sourceTree = "<group>"; };
		019A48E31C01DE9300F1A721 /* Assets.xcassets */ = {isa = PBXFileReference; lastKnownFileType = folder.assetcatalog; path = Assets.xcassets; sourceTree = "<group>"; };
		019A48E81C01DE9300F1A721 /* Info.plist */ = {isa = PBXFileReference; lastKnownFileType = text.plist.xml; path = Info.plist; sourceTree = "<group>"; };
		01B6541C1C029D6F00F76BB6 /* LWHomeTabController.swift */ = {isa = PBXFileReference; fileEncoding = 4; lastKnownFileType = sourcecode.swift; path = LWHomeTabController.swift; sourceTree = "<group>"; };
		01B6541E1C029D8E00F76BB6 /* LWDiscoverTabController.swift */ = {isa = PBXFileReference; fileEncoding = 4; lastKnownFileType = sourcecode.swift; path = LWDiscoverTabController.swift; sourceTree = "<group>"; };
		01B654201C029DB400F76BB6 /* LWMessageTabController.swift */ = {isa = PBXFileReference; fileEncoding = 4; lastKnownFileType = sourcecode.swift; path = LWMessageTabController.swift; sourceTree = "<group>"; };
		01B654221C029DD300F76BB6 /* LWProfileTabController.swift */ = {isa = PBXFileReference; fileEncoding = 4; lastKnownFileType = sourcecode.swift; path = LWProfileTabController.swift; sourceTree = "<group>"; };
		01E4A8F81C09D7CB002B9131 /* LWUserAccount.swift */ = {isa = PBXFileReference; fileEncoding = 4; lastKnownFileType = sourcecode.swift; path = LWUserAccount.swift; sourceTree = "<group>"; };
		2B4A7549CC32E77A37241CC0 /* Pods.debug.xcconfig */ = {isa = PBXFileReference; includeInIndex = 1; lastKnownFileType = text.xcconfig; name = Pods.debug.xcconfig; path = "Pods/Target Support Files/Pods/Pods.debug.xcconfig"; sourceTree = "<group>"; };
		56A514A64B1255AE0358825D /* Pods.framework */ = {isa = PBXFileReference; explicitFileType = wrapper.framework; includeInIndex = 0; path = Pods.framework; sourceTree = BUILT_PRODUCTS_DIR; };
		6E5285E2693472F8A43078E3 /* Pods.release.xcconfig */ = {isa = PBXFileReference; includeInIndex = 1; lastKnownFileType = text.xcconfig; name = Pods.release.xcconfig; path = "Pods/Target Support Files/Pods/Pods.release.xcconfig"; sourceTree = "<group>"; };
/* End PBXFileReference section */

/* Begin PBXFrameworksBuildPhase section */
		019A48D61C01DE9300F1A721 /* Frameworks */ = {
			isa = PBXFrameworksBuildPhase;
			buildActionMask = 2147483647;
			files = (
				1647EA287D6B511911B71F2E /* Pods.framework in Frameworks */,
			);
			runOnlyForDeploymentPostprocessing = 0;
		};
/* End PBXFrameworksBuildPhase section */

/* Begin PBXGroup section */
		016C128D1C06B77D00E76EC6 /* Tool */ = {
			isa = PBXGroup;
			children = (
				016C128E1C06B7EF00E76EC6 /* LWNetworkTools.swift */,
			);
			path = Tool;
			sourceTree = "<group>";
		};
		016C12901C06FA9D00E76EC6 /* Oauth */ = {
			isa = PBXGroup;
			children = (
				016C12911C06FAAB00E76EC6 /* Controller */,
			);
			path = Oauth;
			sourceTree = "<group>";
		};
		016C12911C06FAAB00E76EC6 /* Controller */ = {
			isa = PBXGroup;
			children = (
				016C12941C06FB1E00E76EC6 /* LWOauthViewController.swift */,
			);
			name = Controller;
			sourceTree = "<group>";
		};
		019A48D01C01DE9300F1A721 = {
			isa = PBXGroup;
			children = (
				019A48DB1C01DE9300F1A721 /* 新浪微博_swift */,
				019A48DA1C01DE9300F1A721 /* Products */,
				0D3D45BABB1873742D602512 /* Pods */,
				E54FB6BAD42481B26C1F50CE /* Frameworks */,
			);
			sourceTree = "<group>";
		};
		019A48DA1C01DE9300F1A721 /* Products */ = {
			isa = PBXGroup;
			children = (
				019A48D91C01DE9300F1A721 /* 新浪微博_swift.app */,
			);
			name = Products;
			sourceTree = "<group>";
		};
		019A48DB1C01DE9300F1A721 /* 新浪微博_swift */ = {
			isa = PBXGroup;
			children = (
				019A48F01C01E2A900F1A721 /* class */,
				019A48DC1C01DE9300F1A721 /* AppDelegate.swift */,
				019A48E31C01DE9300F1A721 /* Assets.xcassets */,
				019A48E81C01DE9300F1A721 /* Info.plist */,
			);
			path = "新浪微博_swift";
			sourceTree = "<group>";
		};
		019A48F01C01E2A900F1A721 /* class */ = {
			isa = PBXGroup;
			children = (
				019A48F31C01E2A900F1A721 /* Module(模块) */,
			);
			path = class;
			sourceTree = "<group>";
		};
		019A48F31C01E2A900F1A721 /* Module(模块) */ = {
			isa = PBXGroup;
			children = (
				01E4A8F71C09D77D002B9131 /* Model(全局模型) */,
				016C12901C06FA9D00E76EC6 /* Oauth */,
				019A48FD1C01E2A900F1A721 /* Main(中间加号按钮) */,
				019A48F51C01E2A900F1A721 /* Discover(发现) */,
				019A48F91C01E2A900F1A721 /* Home(主页) */,
				019A49011C01E2A900F1A721 /* Message(消息) */,
				019A49051C01E2A900F1A721 /* Profile(我) */,
				016C128D1C06B77D00E76EC6 /* Tool */,
			);
			name = "Module(模块)";
			path = Main;
			sourceTree = "<group>";
		};
		019A48F51C01E2A900F1A721 /* Discover(发现) */ = {
			isa = PBXGroup;
			children = (
				019A48F61C01E2A900F1A721 /* Controller */,
				019A48F71C01E2A900F1A721 /* Model */,
				019A48F81C01E2A900F1A721 /* View */,
			);
			name = "Discover(发现)";
			path = Discover;
			sourceTree = "<group>";
		};
		019A48F61C01E2A900F1A721 /* Controller */ = {
			isa = PBXGroup;
			children = (
				01B6541E1C029D8E00F76BB6 /* LWDiscoverTabController.swift */,
			);
			path = Controller;
			sourceTree = "<group>";
		};
		019A48F71C01E2A900F1A721 /* Model */ = {
			isa = PBXGroup;
			children = (
			);
			path = Model;
			sourceTree = "<group>";
		};
		019A48F81C01E2A900F1A721 /* View */ = {
			isa = PBXGroup;
			children = (
			);
			path = View;
			sourceTree = "<group>";
		};
		019A48F91C01E2A900F1A721 /* Home(主页) */ = {
			isa = PBXGroup;
			children = (
				019A48FA1C01E2A900F1A721 /* Controller */,
				019A48FB1C01E2A900F1A721 /* Model */,
				019A48FC1C01E2A900F1A721 /* View */,
			);
			name = "Home(主页)";
			path = Home;
			sourceTree = "<group>";
		};
		019A48FA1C01E2A900F1A721 /* Controller */ = {
			isa = PBXGroup;
			children = (
				01B6541C1C029D6F00F76BB6 /* LWHomeTabController.swift */,
			);
			path = Controller;
			sourceTree = "<group>";
		};
		019A48FB1C01E2A900F1A721 /* Model */ = {
			isa = PBXGroup;
			children = (
			);
			path = Model;
			sourceTree = "<group>";
		};
		019A48FC1C01E2A900F1A721 /* View */ = {
			isa = PBXGroup;
			children = (
			);
			path = View;
			sourceTree = "<group>";
		};
		019A48FD1C01E2A900F1A721 /* Main(中间加号按钮) */ = {
			isa = PBXGroup;
			children = (
				019A48FE1C01E2A900F1A721 /* Controller */,
				019A48FF1C01E2A900F1A721 /* Model */,
				019A49001C01E2A900F1A721 /* View */,
			);
			name = "Main(中间加号按钮)";
			path = Main;
			sourceTree = "<group>";
		};
		019A48FE1C01E2A900F1A721 /* Controller */ = {
			isa = PBXGroup;
			children = (
				013C97921C02B83B00BA738F /* LWMainTarbarController.swift */,
				013C97961C03114700BA738F /* LWBaseTableVC.swift */,
			);
			path = Controller;
			sourceTree = "<group>";
		};
		019A48FF1C01E2A900F1A721 /* Model */ = {
			isa = PBXGroup;
			children = (
			);
			path = Model;
			sourceTree = "<group>";
		};
		019A49001C01E2A900F1A721 /* View */ = {
			isa = PBXGroup;
			children = (
				013C97941C02F5DF00BA738F /* LWTabbar.swift */,
				013C97981C0313B500BA738F /* LWVistorView.swift */,
			);
			path = View;
			sourceTree = "<group>";
		};
		019A49011C01E2A900F1A721 /* Message(消息) */ = {
			isa = PBXGroup;
			children = (
				019A49021C01E2A900F1A721 /* Controller */,
				019A49031C01E2A900F1A721 /* Model */,
				019A49041C01E2A900F1A721 /* View */,
			);
			name = "Message(消息)";
			path = Message;
			sourceTree = "<group>";
		};
		019A49021C01E2A900F1A721 /* Controller */ = {
			isa = PBXGroup;
			children = (
				01B654201C029DB400F76BB6 /* LWMessageTabController.swift */,
			);
			path = Controller;
			sourceTree = "<group>";
		};
		019A49031C01E2A900F1A721 /* Model */ = {
			isa = PBXGroup;
			children = (
			);
			path = Model;
			sourceTree = "<group>";
		};
		019A49041C01E2A900F1A721 /* View */ = {
			isa = PBXGroup;
			children = (
			);
			path = View;
			sourceTree = "<group>";
		};
		019A49051C01E2A900F1A721 /* Profile(我) */ = {
			isa = PBXGroup;
			children = (
				019A49061C01E2A900F1A721 /* Controller */,
				019A49071C01E2A900F1A721 /* Model */,
				019A49081C01E2A900F1A721 /* View */,
			);
			name = "Profile(我)";
			path = Profile;
			sourceTree = "<group>";
		};
		019A49061C01E2A900F1A721 /* Controller */ = {
			isa = PBXGroup;
			children = (
				01B654221C029DD300F76BB6 /* LWProfileTabController.swift */,
			);
			path = Controller;
			sourceTree = "<group>";
		};
		019A49071C01E2A900F1A721 /* Model */ = {
			isa = PBXGroup;
			children = (
			);
			path = Model;
			sourceTree = "<group>";
		};
		019A49081C01E2A900F1A721 /* View */ = {
			isa = PBXGroup;
			children = (
			);
			path = View;
			sourceTree = "<group>";
		};
		01E4A8F71C09D77D002B9131 /* Model(全局模型) */ = {
			isa = PBXGroup;
			children = (
				01E4A8F81C09D7CB002B9131 /* LWUserAccount.swift */,
			);
			name = "Model(全局模型)";
			path = Model;
			sourceTree = "<group>";
		};
		0D3D45BABB1873742D602512 /* Pods */ = {
			isa = PBXGroup;
			children = (
				2B4A7549CC32E77A37241CC0 /* Pods.debug.xcconfig */,
				6E5285E2693472F8A43078E3 /* Pods.release.xcconfig */,
			);
			name = Pods;
			sourceTree = "<group>";
		};
		E54FB6BAD42481B26C1F50CE /* Frameworks */ = {
			isa = PBXGroup;
			children = (
				56A514A64B1255AE0358825D /* Pods.framework */,
			);
			name = Frameworks;
			sourceTree = "<group>";
		};
/* End PBXGroup section */

/* Begin PBXNativeTarget section */
		019A48D81C01DE9300F1A721 /* 新浪微博_swift */ = {
			isa = PBXNativeTarget;
			buildConfigurationList = 019A48EB1C01DE9300F1A721 /* Build configuration list for PBXNativeTarget "新浪微博_swift" */;
			buildPhases = (
				E733B31D905A536C3494ED40 /* Check Pods Manifest.lock */,
				019A48D51C01DE9300F1A721 /* Sources */,
				019A48D61C01DE9300F1A721 /* Frameworks */,
				019A48D71C01DE9300F1A721 /* Resources */,
				9F24727E3CECB11F2AB39642 /* Embed Pods Frameworks */,
				D5F379FC3C09FCB33EAF7780 /* Copy Pods Resources */,
			);
			buildRules = (
			);
			dependencies = (
			);
			name = "新浪微博_swift";
			productName = "新浪微博_swift";
			productReference = 019A48D91C01DE9300F1A721 /* 新浪微博_swift.app */;
			productType = "com.apple.product-type.application";
		};
/* End PBXNativeTarget section */

/* Begin PBXProject section */
		019A48D11C01DE9300F1A721 /* Project object */ = {
			isa = PBXProject;
			attributes = {
				CLASSPREFIX = LW;
				LastSwiftUpdateCheck = 0710;
				LastUpgradeCheck = 0710;
				ORGANIZATIONNAME = liuwei;
				TargetAttributes = {
					019A48D81C01DE9300F1A721 = {
						CreatedOnToolsVersion = 7.1;
					};
				};
			};
			buildConfigurationList = 019A48D41C01DE9300F1A721 /* Build configuration list for PBXProject "新浪微博_swift" */;
			compatibilityVersion = "Xcode 3.2";
			developmentRegion = English;
			hasScannedForEncodings = 0;
			knownRegions = (
				en,
				Base,
			);
			mainGroup = 019A48D01C01DE9300F1A721;
			productRefGroup = 019A48DA1C01DE9300F1A721 /* Products */;
			projectDirPath = "";
			projectRoot = "";
			targets = (
				019A48D81C01DE9300F1A721 /* 新浪微博_swift */,
			);
		};
/* End PBXProject section */

/* Begin PBXResourcesBuildPhase section */
		019A48D71C01DE9300F1A721 /* Resources */ = {
			isa = PBXResourcesBuildPhase;
			buildActionMask = 2147483647;
			files = (
				019A48E41C01DE9300F1A721 /* Assets.xcassets in Resources */,
			);
			runOnlyForDeploymentPostprocessing = 0;
		};
/* End PBXResourcesBuildPhase section */

/* Begin PBXShellScriptBuildPhase section */
		9F24727E3CECB11F2AB39642 /* Embed Pods Frameworks */ = {
			isa = PBXShellScriptBuildPhase;
			buildActionMask = 2147483647;
			files = (
			);
			inputPaths = (
			);
			name = "Embed Pods Frameworks";
			outputPaths = (
			);
			runOnlyForDeploymentPostprocessing = 0;
			shellPath = /bin/sh;
			shellScript = "\"${SRCROOT}/Pods/Target Support Files/Pods/Pods-frameworks.sh\"\n";
			showEnvVarsInLog = 0;
		};
		D5F379FC3C09FCB33EAF7780 /* Copy Pods Resources */ = {
			isa = PBXShellScriptBuildPhase;
			buildActionMask = 2147483647;
			files = (
			);
			inputPaths = (
			);
			name = "Copy Pods Resources";
			outputPaths = (
			);
			runOnlyForDeploymentPostprocessing = 0;
			shellPath = /bin/sh;
			shellScript = "\"${SRCROOT}/Pods/Target Support Files/Pods/Pods-resources.sh\"\n";
			showEnvVarsInLog = 0;
		};
		E733B31D905A536C3494ED40 /* Check Pods Manifest.lock */ = {
			isa = PBXShellScriptBuildPhase;
			buildActionMask = 2147483647;
			files = (
			);
			inputPaths = (
			);
			name = "Check Pods Manifest.lock";
			outputPaths = (
			);
			runOnlyForDeploymentPostprocessing = 0;
			shellPath = /bin/sh;
			shellScript = "diff \"${PODS_ROOT}/../Podfile.lock\" \"${PODS_ROOT}/Manifest.lock\" > /dev/null\nif [[ $? != 0 ]] ; then\n    cat << EOM\nerror: The sandbox is not in sync with the Podfile.lock. Run 'pod install' or update your CocoaPods installation.\nEOM\n    exit 1\nfi\n";
			showEnvVarsInLog = 0;
		};
/* End PBXShellScriptBuildPhase section */

/* Begin PBXSourcesBuildPhase section */
		019A48D51C01DE9300F1A721 /* Sources */ = {
			isa = PBXSourcesBuildPhase;
			buildActionMask = 2147483647;
			files = (
				01B6541F1C029D8E00F76BB6 /* LWDiscoverTabController.swift in Sources */,
				013C97951C02F5DF00BA738F /* LWTabbar.swift in Sources */,
				019A48DD1C01DE9300F1A721 /* AppDelegate.swift in Sources */,
				016C128F1C06B7EF00E76EC6 /* LWNetworkTools.swift in Sources */,
				016C12951C06FB1E00E76EC6 /* LWOauthViewController.swift in Sources */,
				01E4A8F91C09D7CB002B9131 /* LWUserAccount.swift in Sources */,
				01B654231C029DD300F76BB6 /* LWProfileTabController.swift in Sources */,
				01B654211C029DB400F76BB6 /* LWMessageTabController.swift in Sources */,
				013C97971C03114700BA738F /* LWBaseTableVC.swift in Sources */,
				01B6541D1C029D6F00F76BB6 /* LWHomeTabController.swift in Sources */,
				013C97931C02B83B00BA738F /* LWMainTarbarController.swift in Sources */,
				013C97991C0313B500BA738F /* LWVistorView.swift in Sources */,
			);
			runOnlyForDeploymentPostprocessing = 0;
		};
/* End PBXSourcesBuildPhase section */

/* Begin XCBuildConfiguration section */
		019A48E91C01DE9300F1A721 /* Debug */ = {
			isa = XCBuildConfiguration;
			buildSettings = {
				ALWAYS_SEARCH_USER_PATHS = NO;
				CLANG_CXX_LANGUAGE_STANDARD = "gnu++0x";
				CLANG_CXX_LIBRARY = "libc++";
				CLANG_ENABLE_MODULES = YES;
				CLANG_ENABLE_OBJC_ARC = YES;
				CLANG_WARN_BOOL_CONVERSION = YES;
				CLANG_WARN_CONSTANT_CONVERSION = YES;
				CLANG_WARN_DIRECT_OBJC_ISA_USAGE = YES_ERROR;
				CLANG_WARN_EMPTY_BODY = YES;
				CLANG_WARN_ENUM_CONVERSION = YES;
				CLANG_WARN_INT_CONVERSION = YES;
				CLANG_WARN_OBJC_ROOT_CLASS = YES_ERROR;
				CLANG_WARN_UNREACHABLE_CODE = YES;
				CLANG_WARN__DUPLICATE_METHOD_MATCH = YES;
				"CODE_SIGN_IDENTITY[sdk=iphoneos*]" = "iPhone Developer";
				COPY_PHASE_STRIP = NO;
				DEBUG_INFORMATION_FORMAT = dwarf;
				ENABLE_STRICT_OBJC_MSGSEND = YES;
				ENABLE_TESTABILITY = YES;
				GCC_C_LANGUAGE_STANDARD = gnu99;
				GCC_DYNAMIC_NO_PIC = NO;
				GCC_NO_COMMON_BLOCKS = YES;
				GCC_OPTIMIZATION_LEVEL = 0;
				GCC_PREPROCESSOR_DEFINITIONS = (
					"DEBUG=1",
					"$(inherited)",
				);
				GCC_WARN_64_TO_32_BIT_CONVERSION = YES;
				GCC_WARN_ABOUT_RETURN_TYPE = YES_ERROR;
				GCC_WARN_UNDECLARED_SELECTOR = YES;
				GCC_WARN_UNINITIALIZED_AUTOS = YES_AGGRESSIVE;
				GCC_WARN_UNUSED_FUNCTION = YES;
				GCC_WARN_UNUSED_VARIABLE = YES;
				IPHONEOS_DEPLOYMENT_TARGET = 9.1;
				MTL_ENABLE_DEBUG_INFO = YES;
				ONLY_ACTIVE_ARCH = YES;
				SDKROOT = iphoneos;
				SWIFT_OPTIMIZATION_LEVEL = "-Onone";
			};
			name = Debug;
		};
		019A48EA1C01DE9300F1A721 /* Release */ = {
			isa = XCBuildConfiguration;
			buildSettings = {
				ALWAYS_SEARCH_USER_PATHS = NO;
				CLANG_CXX_LANGUAGE_STANDARD = "gnu++0x";
				CLANG_CXX_LIBRARY = "libc++";
				CLANG_ENABLE_MODULES = YES;
				CLANG_ENABLE_OBJC_ARC = YES;
				CLANG_WARN_BOOL_CONVERSION = YES;
				CLANG_WARN_CONSTANT_CONVERSION = YES;
				CLANG_WARN_DIRECT_OBJC_ISA_USAGE = YES_ERROR;
				CLANG_WARN_EMPTY_BODY = YES;
				CLANG_WARN_ENUM_CONVERSION = YES;
				CLANG_WARN_INT_CONVERSION = YES;
				CLANG_WARN_OBJC_ROOT_CLASS = YES_ERROR;
				CLANG_WARN_UNREACHABLE_CODE = YES;
				CLANG_WARN__DUPLICATE_METHOD_MATCH = YES;
				"CODE_SIGN_IDENTITY[sdk=iphoneos*]" = "iPhone Developer";
				COPY_PHASE_STRIP = NO;
				DEBUG_INFORMATION_FORMAT = "dwarf-with-dsym";
				ENABLE_NS_ASSERTIONS = NO;
				ENABLE_STRICT_OBJC_MSGSEND = YES;
				GCC_C_LANGUAGE_STANDARD = gnu99;
				GCC_NO_COMMON_BLOCKS = YES;
				GCC_WARN_64_TO_32_BIT_CONVERSION = YES;
				GCC_WARN_ABOUT_RETURN_TYPE = YES_ERROR;
				GCC_WARN_UNDECLARED_SELECTOR = YES;
				GCC_WARN_UNINITIALIZED_AUTOS = YES_AGGRESSIVE;
				GCC_WARN_UNUSED_FUNCTION = YES;
				GCC_WARN_UNUSED_VARIABLE = YES;
				IPHONEOS_DEPLOYMENT_TARGET = 9.1;
				MTL_ENABLE_DEBUG_INFO = NO;
				SDKROOT = iphoneos;
				VALIDATE_PRODUCT = YES;
			};
			name = Release;
		};
		019A48EC1C01DE9300F1A721 /* Debug */ = {
			isa = XCBuildConfiguration;
			baseConfigurationReference = 2B4A7549CC32E77A37241CC0 /* Pods.debug.xcconfig */;
			buildSettings = {
				ASSETCATALOG_COMPILER_APPICON_NAME = AppIcon;
				ASSETCATALOG_COMPILER_LAUNCHIMAGE_NAME = "Brand Assets";
				INFOPLIST_FILE = "新浪微博_swift/Info.plist";
				IPHONEOS_DEPLOYMENT_TARGET = 8.0;
				LD_RUNPATH_SEARCH_PATHS = "$(inherited) @executable_path/Frameworks";
				PRODUCT_BUNDLE_IDENTIFIER = "itcast.-----swift";
				PRODUCT_NAME = "$(TARGET_NAME)";
				TARGETED_DEVICE_FAMILY = 1;
			};
			name = Debug;
		};
		019A48ED1C01DE9300F1A721 /* Release */ = {
			isa = XCBuildConfiguration;
			baseConfigurationReference = 6E5285E2693472F8A43078E3 /* Pods.release.xcconfig */;
			buildSettings = {
				ASSETCATALOG_COMPILER_APPICON_NAME = AppIcon;
				ASSETCATALOG_COMPILER_LAUNCHIMAGE_NAME = "Brand Assets";
				INFOPLIST_FILE = "新浪微博_swift/Info.plist";
				IPHONEOS_DEPLOYMENT_TARGET = 8.0;
				LD_RUNPATH_SEARCH_PATHS = "$(inherited) @executable_path/Frameworks";
				PRODUCT_BUNDLE_IDENTIFIER = "itcast.-----swift";
				PRODUCT_NAME = "$(TARGET_NAME)";
				TARGETED_DEVICE_FAMILY = 1;
			};
			name = Release;
		};
/* End XCBuildConfiguration section */

/* Begin XCConfigurationList section */
		019A48D41C01DE9300F1A721 /* Build configuration list for PBXProject "新浪微博_swift" */ = {
			isa = XCConfigurationList;
			buildConfigurations = (
				019A48E91C01DE9300F1A721 /* Debug */,
				019A48EA1C01DE9300F1A721 /* Release */,
			);
			defaultConfigurationIsVisible = 0;
			defaultConfigurationName = Release;
		};
		019A48EB1C01DE9300F1A721 /* Build configuration list for PBXNativeTarget "新浪微博_swift" */ = {
			isa = XCConfigurationList;
			buildConfigurations = (
				019A48EC1C01DE9300F1A721 /* Debug */,
				019A48ED1C01DE9300F1A721 /* Release */,
			);
			defaultConfigurationIsVisible = 0;
			defaultConfigurationName = Release;
		};
/* End XCConfigurationList section */
	};
	rootObject = 019A48D11C01DE9300F1A721 /* Project object */;
}
